PODS:
  - TSVoiceConverter (0.1.6)

DEPENDENCIES:
  - TSVoiceConverter (from `../`)

EXTERNAL SOURCES:
  TSVoiceConverter:
    :path: "../"

SPEC CHECKSUMS:
  TSVoiceConverter: 4395aaf6ce4a259ef49b600238e3f70d194abf4c

PODFILE CHECKSUM: b9bafde5b4cee52894f7d10049fd1c6c1ede1a73

COCOAPODS: 1.7.0.rc.1
